{
  "name": "client",
  "version": "1.0.0",
  "lockfileVersion": 3,
  "requires": true,
  "packages": {
    "": {
      "name": "client",
      "version": "1.0.0",
      "dependencies": {
        "@pixi/filter-color-matrix": "^6.5.10",
        "pixi-live2d-display": "0.4.0",
        "pixi.js": "6.5.10",
        "react": "^18.3.1",
        "react-dom": "^18.3.1",
        "socket.io-client": "^4.7.5"
      },
      "devDependencies": {
        "@types/react": "^18.3.3",
        "@types/react-dom": "^18.3.0",
        "@vitejs/plugin-react": "^4.3.1",
        "typescript": "^5.5.3",
        "vite": "^5.4.0"
      }
    },
    "../node_modules/.pnpm/@types+react-dom@18.3.7_@types+react@18.3.31/node_modules/@types/react-dom": {
      "version": "18.3.7",
      "dev": true,
      "license": "MIT",
      "peerDependencies": {
        "@types/react": "^18.0.0"
      }
    },
    "../node_modules/.pnpm/@types+react@18.3.31/node_modules/@types/react": {
      "version": "18.3.31",
      "dev": true,
      "license": "MIT",
      "dependencies": {
        "@types/prop-types": "*",
        "csstype": "^3.2.2"
      }
    },
    "../node_modules/.pnpm/@vitejs+plugin-react@4.7.0_vite@5.4.21_@types+node@26.4.1_/node_modules/@vitejs/plugin-react": {
      "version": "4.7.0",
      "dev": true,
      "license": "MIT",
      "dependencies": {
        "@babel/core": "^7.28.0",
        "@babel/plugin-transform-react-jsx-self": "^7.27.1",
        "@babel/plugin-transform-react-jsx-source": "^7.27.1",
        "@rolldown/pluginutils": "1.0.0-beta.27",
        "@types/babel__core": "^7.20.5",
        "react-refresh": "^0.17.0"
      },
      "devDependencies": {
        "@vitejs/react-common": "workspace:*",
        "babel-plugin-react-compiler": "19.1.0-rc.2",
        "react": "^19.1.0",
        "react-dom": "^19.1.0",
        "rolldown": "1.0.0-beta.27",
        "tsdown": "^0.12.9",
        "vitest": "^3.2.4"
      },
      "engines": {
        "node": "^14.18.0 || >=16.0.0"
      },
      "peerDependencies": {
        "vite": "^4.2.0 || ^5.0.0 || ^6.0.0 || ^7.0.0"
      }
    },
    "../node_modules/.pnpm/pixi-live2d-display@0.4.0_76g3zz2nt7dtjnktvdvk76m2oe/node_modules/pixi-live2d-display": {
      "version": "0.4.0",
      "license": "MIT",
      "dependencies": {
        "gh-pages": "^4.0.0"
      },
      "devDependencies": {
        "@types/chai": "^4.3.1",
        "@types/chai-as-promised": "^7.1.5",
        "@types/lodash-es": "^4.17.6",
        "@types/node": "17.0.41",
        "@types/offscreencanvas": "^2019.7.0",
        "adm-zip": "^0.5.9",
        "chai": "^4.3.6",
        "chai-as-promised": "^7.1.1",
        "chalk": "^4",
        "dts-bundle-generator": "^6.11.0",
        "electron": "^13",
        "floss": "^5.0.1",
        "glob": "^8.0.3",
        "handlebars": "^4.7.7",
        "jszip": "^3.10.0",
        "lodash-es": "^4.17.21",
        "node-fetch": "^2",
        "pixi.js": "^6.4.2",
        "rimraf": "^3.0.2",
        "sinon": "^14.0.0",
        "sinon-chai": "^3.7.0",
        "typedoc": "0.23.10",
        "typescript": "^4.7.3",
        "vite": "^2.9.13"
      },
      "peerDependencies": {
        "@pixi/core": "^6",
        "@pixi/display": "^6",
        "@pixi/loaders": "^6",
        "@pixi/math": "^6",
        "@pixi/sprite": "^6",
        "@pixi/utils": "^6"
      }
    },
    "../node_modules/.pnpm/pixi.js@6.5.10/node_modules/pixi.js": {
      "version": "6.5.10",
      "license": "MIT",
      "dependencies": {
        "@pixi/accessibility": "6.5.10",
        "@pixi/app": "6.5.10",
        "@pixi/compressed-textures": "6.5.10",
        "@pixi/constants": "6.5.10",
        "@pixi/core": "6.5.10",
        "@pixi/display": "6.5.10",
        "@pixi/extensions": "6.5.10",
        "@pixi/extract": "6.5.10",
        "@pixi/filter-alpha": "6.5.10",
        "@pixi/filter-blur": "6.5.10",
        "@pixi/filter-color-matrix": "6.5.10",
        "@pixi/filter-displacement": "6.5.10",
        "@pixi/filter-fxaa": "6.5.10",
        "@pixi/filter-noise": "6.5.10",
        "@pixi/graphics": "6.5.10",
        "@pixi/interaction": "6.5.10",
        "@pixi/loaders": "6.5.10",
        "@pixi/math": "6.5.10",
        "@pixi/mesh": "6.5.10",
        "@pixi/mesh-extras": "6.5.10",
        "@pixi/mixin-cache-as-bitmap": "6.5.10",
        "@pixi/mixin-get-child-by-name": "6.5.10",
        "@pixi/mixin-get-global-position": "6.5.10",
        "@pixi/particle-container": "6.5.10",
        "@pixi/polyfill": "6.5.10",
        "@pixi/prepare": "6.5.10",
        "@pixi/runner": "6.5.10",
        "@pixi/settings": "6.5.10",
        "@pixi/sprite": "6.5.10",
        "@pixi/sprite-animated": "6.5.10",
        "@pixi/sprite-tiling": "6.5.10",
        "@pixi/spritesheet": "6.5.10",
        "@pixi/text": "6.5.10",
        "@pixi/text-bitmap": "6.5.10",
        "@pixi/ticker": "6.5.10",
        "@pixi/utils": "6.5.10"
      },
      "funding": {
        "type": "opencollective",
        "url": "https://opencollective.com/pixijs"
      }
    },
    "../node_modules/.pnpm/react-dom@18.3.1_react@18.3.1/node_modules/react-dom": {
      "version": "18.3.1",
      "license": "MIT",
      "dependencies": {
        "loose-envify": "^1.1.0",
        "scheduler": "^0.23.2"
      },
      "peerDependencies": {
        "react": "^18.3.1"
      }
    },
    "../node_modules/.pnpm/react@18.3.1/node_modules/react": {
      "version": "18.3.1",
      "license": "MIT",
      "dependencies": {
        "loose-envify": "^1.1.0"
      },
      "engines": {
        "node": ">=0.10.0"
      }
    },
    "../node_modules/.pnpm/socket.io-client@4.8.3/node_modules/socket.io-client": {
      "version": "4.8.3",
      "license": "MIT",
      "dependencies": {
        "@socket.io/component-emitter": "~3.1.0",
        "debug": "~4.4.1",
        "engine.io-client": "~6.6.1",
        "socket.io-parser": "~4.2.4"
      },
      "engines": {
        "node": ">=10.0.0"
      }
    },
    "../node_modules/.pnpm/typescript@5.9.3/node_modules/typescript": {
      "version": "5.9.3",
      "dev": true,
      "license": "Apache-2.0",
      "bin": {
        "tsc": "bin/tsc",
        "tsserver": "bin/tsserver"
      },
      "devDependencies": {
        "@dprint/formatter": "^0.4.1",
        "@dprint/typescript": "0.93.4",
        "@esfx/canceltoken": "^1.0.0",
        "@eslint/js": "^9.20.0",
        "@octokit/rest": "^21.1.1",
        "@types/chai": "^4.3.20",
        "@types/diff": "^7.0.1",
        "@types/minimist": "^1.2.5",
        "@types/mocha": "^10.0.10",
        "@types/ms": "^0.7.34",
        "@types/node": "latest",
        "@types/source-map-support": "^0.5.10",
        "@types/which": "^3.0.4",
        "@typescript-eslint/rule-tester": "^8.24.1",
        "@typescript-eslint/type-utils": "^8.24.1",
        "@typescript-eslint/utils": "^8.24.1",
        "azure-devops-node-api": "^14.1.0",
        "c8": "^10.1.3",
        "chai": "^4.5.0",
        "chokidar": "^4.0.3",
        "diff": "^7.0.0",
        "dprint": "^0.49.0",
        "esbuild": "^0.25.0",
        "eslint": "^9.20.1",
        "eslint-formatter-autolinkable-stylish": "^1.4.0",
        "eslint-plugin-regexp": "^2.7.0",
        "fast-xml-parser": "^4.5.2",
        "glob": "^10.4.5",
        "globals": "^15.15.0",
        "hereby": "^1.10.0",
        "jsonc-parser": "^3.3.1",
        "knip": "^5.44.4",
        "minimist": "^1.2.8",
        "mocha": "^10.8.2",
        "mocha-fivemat-progress-reporter": "^0.1.0",
        "monocart-coverage-reports": "^2.12.1",
        "ms": "^2.1.3",
        "picocolors": "^1.1.1",
        "playwright": "^1.50.1",
        "source-map-support": "^0.5.21",
        "tslib": "^2.8.1",
        "typescript": "^5.7.3",
        "typescript-eslint": "^8.24.1",
        "which": "^3.0.1"
      },
      "engines": {
        "node": ">=14.17"
      }
    },
    "../node_modules/.pnpm/vite@5.4.21_@types+node@26.4.1/node_modules/vite": {
      "version": "5.4.21",
      "dev": true,
      "license": "MIT",
      "dependencies": {
        "esbuild": "^0.21.3",
        "postcss": "^8.4.43",
        "rollup": "^4.20.0"
      },
      "bin": {
        "vite": "bin/vite.js"
      },
      "devDependencies": {
        "@ampproject/remapping": "^2.3.0",
        "@babel/parser": "^7.25.6",
        "@jridgewell/trace-mapping": "^0.3.25",
        "@polka/compression": "^1.0.0-next.25",
        "@rollup/plugin-alias": "^5.1.0",
        "@rollup/plugin-commonjs": "^26.0.1",
        "@rollup/plugin-dynamic-import-vars": "^2.1.2",
        "@rollup/plugin-json": "^6.1.0",
        "@rollup/plugin-node-resolve": "15.2.3",
        "@rollup/pluginutils": "^5.1.0",
        "@types/escape-html": "^1.0.4",
        "@types/pnpapi": "^0.0.5",
        "artichokie": "^0.2.1",
        "cac": "^6.7.14",
        "chokidar": "^3.6.0",
        "connect": "^3.7.0",
        "convert-source-map": "^2.0.0",
        "cors": "^2.8.5",
        "cross-spawn": "^7.0.3",
        "debug": "^4.3.6",
        "dep-types": "link:./src/types",
        "dotenv": "^16.4.5",
        "dotenv-expand": "^11.0.6",
        "es-module-lexer": "^1.5.4",
        "escape-html": "^1.0.3",
        "estree-walker": "^3.0.3",
        "etag": "^1.8.1",
        "fast-glob": "^3.3.2",
        "http-proxy": "^1.18.1",
        "launch-editor-middleware": "^2.9.1",
        "lightningcss": "^1.26.0",
        "magic-string": "^0.30.11",
        "micromatch": "^4.0.8",
        "mlly": "^1.7.1",
        "mrmime": "^2.0.0",
        "open": "^8.4.2",
        "parse5": "^7.1.2",
        "pathe": "^1.1.2",
        "periscopic": "^4.0.2",
        "picocolors": "^1.0.1",
        "picomatch": "^2.3.1",
        "postcss-import": "^16.1.0",
        "postcss-load-config": "^4.0.2",
        "postcss-modules": "^6.0.0",
        "resolve.exports": "^2.0.2",
        "rollup-plugin-dts": "^6.1.1",
        "rollup-plugin-esbuild": "^6.1.1",
        "rollup-plugin-license": "^3.5.2",
        "sass": "^1.77.8",
        "sass-embedded": "^1.77.8",
        "sirv": "^2.0.4",
        "source-map-support": "^0.5.21",
        "strip-ansi": "^7.1.0",
        "strip-literal": "^2.1.0",
        "tsconfck": "^3.1.4",
        "tslib": "^2.7.0",
        "types": "link:./types",
        "ufo": "^1.5.4",
        "ws": "^8.18.0"
      },
      "engines": {
        "node": "^18.0.0 || >=20.0.0"
      },
      "funding": {
        "url": "https://github.com/vitejs/vite?sponsor=1"
      },
      "optionalDependencies": {
        "fsevents": "~2.3.3"
      },
      "peerDependencies": {
        "@types/node": "^18.0.0 || >=20.0.0",
        "less": "*",
        "lightningcss": "^1.21.0",
        "sass": "*",
        "sass-embedded": "*",
        "stylus": "*",
        "sugarss": "*",
        "terser": "^5.4.0"
      },
      "peerDependenciesMeta": {
        "@types/node": {
          "optional": true
        },
        "less": {
          "optional": true
        },
        "lightningcss": {
          "optional": true
        },
        "sass": {
          "optional": true
        },
        "sass-embedded": {
          "optional": true
        },
        "stylus": {
          "optional": true
        },
        "sugarss": {
          "optional": true
        },
        "terser": {
          "optional": true
        }
      }
    },
    "node_modules/@pixi/constants": {
      "version": "6.5.10",
      "resolved": "https://registry.npmmirror.com/@pixi/constants/-/constants-6.5.10.tgz",
      "integrity": "sha512-PUF2Y9YISRu5eVrVVHhHCWpc/KmxQTg3UH8rIUs8UI9dCK41/wsPd3pEahzf7H47v7x1HCohVZcFO3XQc1bUDw==",
      "license": "MIT",
      "peer": true
    },
    "node_modules/@pixi/core": {
      "version": "6.5.10",
      "resolved": "https://registry.npmmirror.com/@pixi/core/-/core-6.5.10.tgz",
      "integrity": "sha512-Gdzp5ENypyglvsh5Gv3teUZnZnmizo4xOsL+QqmWALdFlJXJwLJMVhKVThV/q/095XR6i4Ou54oshn+m4EkuFw==",
      "license": "MIT",
      "peer": true,
      "dependencies": {
        "@types/offscreencanvas": "^2019.6.4"
      },
      "funding": {
        "type": "opencollective",
        "url": "https://opencollective.com/pixijs"
      },
      "peerDependencies": {
        "@pixi/constants": "6.5.10",
        "@pixi/extensions": "6.5.10",
        "@pixi/math": "6.5.10",
        "@pixi/runner": "6.5.10",
        "@pixi/settings": "6.5.10",
        "@pixi/ticker": "6.5.10",
        "@pixi/utils": "6.5.10"
      }
    },
    "node_modules/@pixi/extensions": {
      "version": "6.5.10",
      "resolved": "https://registry.npmmirror.com/@pixi/extensions/-/extensions-6.5.10.tgz",
      "integrity": "sha512-EIUGza+E+sCy3dupuIjvRK/WyVyfSzHb5XsxRaxNrPwvG1iIUIqNqZ3owLYCo4h17fJWrj/yXVufNNtUKQccWQ==",
      "license": "MIT",
      "peer": true
    },
    "node_modules/@pixi/filter-color-matrix": {
      "version": "6.5.10",
      "resolved": "https://registry.npmmirror.com/@pixi/filter-color-matrix/-/filter-color-matrix-6.5.10.tgz",
      "integrity": "sha512-C2S44/EoWTrhqedLWOZTq9GZV5loEq1+MhyK9AUzEubWGMHhou1Juhn2mRZ7R6flKPCRQNKrXpStUwCAouud3Q==",
      "license": "MIT",
      "peerDependencies": {
        "@pixi/core": "6.5.10"
      }
    },
    "node_modules/@pixi/math": {
      "version": "6.5.10",
      "resolved": "https://registry.npmmirror.com/@pixi/math/-/math-6.5.10.tgz",
      "integrity": "sha512-fxeu7ykVbMGxGV2S3qRTupHToeo1hdWBm8ihyURn3BMqJZe2SkZEECPd5RyvIuuNUtjRnmhkZRnF3Jsz2S+L0g==",
      "license": "MIT",
      "peer": true
    },
    "node_modules/@pixi/runner": {
      "version": "6.5.10",
      "resolved": "https://registry.npmmirror.com/@pixi/runner/-/runner-6.5.10.tgz",
      "integrity": "sha512-4HiHp6diCmigJT/DSbnqQP62OfWKmZB7zPWMdV1AEdr4YT1QxzXAW1wHg7dkoEfyTHqZKl0tm/zcqKq/iH7tMA==",
      "license": "MIT",
      "peer": true
    },
    "node_modules/@pixi/settings": {
      "version": "6.5.10",
      "resolved": "https://registry.npmmirror.com/@pixi/settings/-/settings-6.5.10.tgz",
      "integrity": "sha512-ypAS5L7pQ2Qb88yQK72bXtc7sD8OrtLWNXdZ/gnw5kwSWCFaOSoqhKqJCXrR5DQtN98+RQefwbEAmMvqobhFyw==",
      "license": "MIT",
      "peer": true,
      "peerDependencies": {
        "@pixi/constants": "6.5.10"
      }
    },
    "node_modules/@pixi/ticker": {
      "version": "6.5.10",
      "resolved": "https://registry.npmmirror.com/@pixi/ticker/-/ticker-6.5.10.tgz",
      "integrity": "sha512-UqX1XYtzqFSirmTOy8QAK4Ccg4KkIZztrBdRPKwFSOEiKAJoGDCSBmyQBo/9aYQKGObbNnrJ7Hxv3/ucg3/1GA==",
      "license": "MIT",
      "peer": true,
      "peerDependencies": {
        "@pixi/extensions": "6.5.10",
        "@pixi/settings": "6.5.10"
      }
    },
    "node_modules/@pixi/utils": {
      "version": "6.5.10",
      "resolved": "https://registry.npmmirror.com/@pixi/utils/-/utils-6.5.10.tgz",
      "integrity": "sha512-4f4qDMmAz9IoSAe08G2LAxUcEtG9jSdudfsMQT2MG+OpfToirboE6cNoO0KnLCvLzDVE/mfisiQ9uJbVA9Ssdw==",
      "license": "MIT",
      "peer": true,
      "dependencies": {
        "@types/earcut": "^2.1.0",
        "earcut": "^2.2.4",
        "eventemitter3": "^3.1.0",
        "url": "^0.11.0"
      },
      "peerDependencies": {
        "@pixi/constants": "6.5.10",
        "@pixi/settings": "6.5.10"
      }
    },
    "node_modules/@types/earcut": {
      "version": "2.1.4",
      "resolved": "https://registry.npmmirror.com/@types/earcut/-/earcut-2.1.4.tgz",
      "integrity": "sha512-qp3m9PPz4gULB9MhjGID7wpo3gJ4bTGXm7ltNDsmOvsPduTeHp8wSW9YckBj3mljeOh4F0m2z/0JKAALRKbmLQ==",
      "license": "MIT",
      "peer": true
    },
    "node_modules/@types/offscreencanvas": {
      "version": "2019.7.3",
      "resolved": "https://registry.npmmirror.com/@types/offscreencanvas/-/offscreencanvas-2019.7.3.tgz",
      "integrity": "sha512-ieXiYmgSRXUDeOntE1InxjWyvEelZGP63M+cGuquuRLuIKKT1osnkXjxev9B7d1nXSug5vpunx+gNlbVxMlC9A==",
      "license": "MIT",
      "peer": true
    },
    "node_modules/@types/react": {
      "resolved": "../node_modules/.pnpm/@types+react@18.3.31/node_modules/@types/react",
      "link": true
    },
    "node_modules/@types/react-dom": {
      "resolved": "../node_modules/.pnpm/@types+react-dom@18.3.7_@types+react@18.3.31/node_modules/@types/react-dom",
      "link": true
    },
    "node_modules/@vitejs/plugin-react": {
      "resolved": "../node_modules/.pnpm/@vitejs+plugin-react@4.7.0_vite@5.4.21_@types+node@26.4.1_/node_modules/@vitejs/plugin-react",
      "link": true
    },
    "node_modules/call-bind-apply-helpers": {
      "version": "1.0.2",
      "resolved": "https://registry.npmmirror.com/call-bind-apply-helpers/-/call-bind-apply-helpers-1.0.2.tgz",
      "integrity": "sha512-Sp1ablJ0ivDkSzjcaJdxEunN5/XvksFJ2sMBFfq6x0ryhQV/2b/KwFe21cMpmHtPOSij8K99/wSfoEuTObmuMQ==",
      "license": "MIT",
      "peer": true,
      "dependencies": {
        "es-errors": "^1.3.0",
        "function-bind": "^1.1.2"
      },
      "engines": {
        "node": ">= 0.4"
      }
    },
    "node_modules/call-bound": {
      "version": "1.0.4",
      "resolved": "https://registry.npmmirror.com/call-bound/-/call-bound-1.0.4.tgz",
      "integrity": "sha512-+ys997U96po4Kx/ABpBCqhA9EuxJaQWDQg7295H4hBphv3IZg0boBKuwYpt4YXp6MZ5AmZQnU/tyMTlRpaSejg==",
      "license": "MIT",
      "peer": true,
      "dependencies": {
        "call-bind-apply-helpers": "^1.0.2",
        "get-intrinsic": "^1.3.0"
      },
      "engines": {
        "node": ">= 0.4"
      },
      "funding": {
        "url": "https://github.com/sponsors/ljharb"
      }
    },
    "node_modules/dunder-proto": {
      "version": "1.0.1",
      "resolved": "https://registry.npmmirror.com/dunder-proto/-/dunder-proto-1.0.1.tgz",
      "integrity": "sha512-KIN/nDJBQRcXw0MLVhZE9iQHmG68qAVIBg9CqmUYjmQIhgij9U5MFvrqkUL5FbtyyzZuOeOt0zdeRe4UY7ct+A==",
      "license": "MIT",
      "peer": true,
      "dependencies": {
        "call-bind-apply-helpers": "^1.0.1",
        "es-errors": "^1.3.0",
        "gopd": "^1.2.0"
      },
      "engines": {
        "node": ">= 0.4"
      }
    },
    "node_modules/earcut": {
      "version": "2.2.4",
      "resolved": "https://registry.npmmirror.com/earcut/-/earcut-2.2.4.tgz",
      "integrity": "sha512-/pjZsA1b4RPHbeWZQn66SWS8nZZWLQQ23oE3Eam7aroEFGEvwKAsJfZ9ytiEMycfzXWpca4FA9QIOehf7PocBQ==",
      "license": "ISC",
      "peer": true
    },
    "node_modules/es-define-property": {
      "version": "1.0.1",
      "resolved": "https://registry.npmmirror.com/es-define-property/-/es-define-property-1.0.1.tgz",
      "integrity": "sha512-e3nRfgfUZ4rNGL232gUgX06QNyyez04KdjFrF+LTRoOXmrOgFKDg4BCdsjW8EnT69eqdYGmRpJwiPVYNrCaW3g==",
      "license": "MIT",
      "peer": true,
      "engines": {
        "node": ">= 0.4"
      }
    },
    "node_modules/es-errors": {
      "version": "1.3.0",
      "resolved": "https://registry.npmmirror.com/es-errors/-/es-errors-1.3.0.tgz",
      "integrity": "sha512-Zf5H2Kxt2xjTvbJvP2ZWLEICxA6j+hAmMzIlypy4xcBg1vKVnx89Wy0GbS+kf5cwCVFFzdCFh2XSCFNULS6csw==",
      "license": "MIT",
      "peer": true,
      "engines": {
        "node": ">= 0.4"
      }
    },
    "node_modules/es-object-atoms": {
      "version": "1.1.2",
      "resolved": "https://registry.npmmirror.com/es-object-atoms/-/es-object-atoms-1.1.2.tgz",
      "integrity": "sha512-HWcBoN6NileqtSydK2FqHbS/LoDd2pqrnQHLyJzBj4kOp/ky2MWMN694xOfkK8/SnUsW2DH7EfyVlydKCsm1Zw==",
      "license": "MIT",
      "peer": true,
      "dependencies": {
        "es-errors": "^1.3.0"
      },
      "engines": {
        "node": ">= 0.4"
      }
    },
    "node_modules/eventemitter3": {
      "version": "3.1.2",
      "resolved": "https://registry.npmmirror.com/eventemitter3/-/eventemitter3-3.1.2.tgz",
      "integrity": "sha512-tvtQIeLVHjDkJYnzf2dgVMxfuSGJeM/7UCG17TT4EumTfNtF+0nebF/4zWOIkCreAbtNqhGEboB6BWrwqNaw4Q==",
      "license": "MIT",
      "peer": true
    },
    "node_modules/function-bind": {
      "version": "1.1.2",
      "resolved": "https://registry.npmmirror.com/function-bind/-/function-bind-1.1.2.tgz",
      "integrity": "sha512-7XHNxH7qX9xG5mIwxkhumTox/MIRNcOgDrxWsMt2pAr23WHp6MrRlN7FBSFpCpr+oVO0F744iUgR82nJMfG2SA==",
      "license": "MIT",
      "peer": true,
      "funding": {
        "url": "https://github.com/sponsors/ljharb"
      }
    },
    "node_modules/get-intrinsic": {
      "version": "1.3.0",
      "resolved": "https://registry.npmmirror.com/get-intrinsic/-/get-intrinsic-1.3.0.tgz",
      "integrity": "sha512-9fSjSaos/fRIVIp+xSJlE6lfwhES7LNtKaCBIamHsjr2na1BiABJPo0mOjjz8GJDURarmCPGqaiVg5mfjb98CQ==",
      "license": "MIT",
      "peer": true,
      "dependencies": {
        "call-bind-apply-helpers": "^1.0.2",
        "es-define-property": "^1.0.1",
        "es-errors": "^1.3.0",
        "es-object-atoms": "^1.1.1",
        "function-bind": "^1.1.2",
        "get-proto": "^1.0.1",
        "gopd": "^1.2.0",
        "has-symbols": "^1.1.0",
        "hasown": "^2.0.2",
        "math-intrinsics": "^1.1.0"
      },
      "engines": {
        "node": ">= 0.4"
      },
      "funding": {
        "url": "https://github.com/sponsors/ljharb"
      }
    },
    "node_modules/get-proto": {
      "version": "1.0.1",
      "resolved": "https://registry.npmmirror.com/get-proto/-/get-proto-1.0.1.tgz",
      "integrity": "sha512-sTSfBjoXBp89JvIKIefqw7U2CCebsc74kiY6awiGogKtoSGbgjYE/G/+l9sF3MWFPNc9IcoOC4ODfKHfxFmp0g==",
      "license": "MIT",
      "peer": true,
      "dependencies": {
        "dunder-proto": "^1.0.1",
        "es-object-atoms": "^1.0.0"
      },
      "engines": {
        "node": ">= 0.4"
      }
    },
    "node_modules/gopd": {
      "version": "1.2.0",
      "resolved": "https://registry.npmmirror.com/gopd/-/gopd-1.2.0.tgz",
      "integrity": "sha512-ZUKRh6/kUFoAiTAtTYPZJ3hw9wNxx+BIBOijnlG9PnrJsCcSjs1wyyD6vJpaYtgnzDrKYRSqf3OO6Rfa93xsRg==",
      "license": "MIT",
      "peer": true,
      "engines": {
        "node": ">= 0.4"
      },
      "funding": {
        "url": "https://github.com/sponsors/ljharb"
      }
    },
    "node_modules/has-symbols": {
      "version": "1.1.0",
      "resolved": "https://registry.npmmirror.com/has-symbols/-/has-symbols-1.1.0.tgz",
      "integrity": "sha512-1cDNdwJ2Jaohmb3sg4OmKaMBwuC48sYni5HUw2DvsC8LjGTLK9h+eb1X6RyuOHe4hT0ULCW68iomhjUoKUqlPQ==",
      "license": "MIT",
      "peer": true,
      "engines": {
        "node": ">= 0.4"
      },
      "funding": {
        "url": "https://github.com/sponsors/ljharb"
      }
    },
    "node_modules/hasown": {
      "version": "2.0.4",
      "resolved": "https://registry.npmmirror.com/hasown/-/hasown-2.0.4.tgz",
      "integrity": "sha512-T2UbfbBEF32wiepXIsMlTW9+dDYC6wMh/t/vYA4tuOMKqWz/n3vr1NFSxQiyP+zk2mXsoMA/i/7qV6LKut1t1A==",
      "license": "MIT",
      "peer": true,
      "dependencies": {
        "function-bind": "^1.1.2"
      },
      "engines": {
        "node": ">= 0.4"
      }
    },
    "node_modules/math-intrinsics": {
      "version": "1.1.0",
      "resolved": "https://registry.npmmirror.com/math-intrinsics/-/math-intrinsics-1.1.0.tgz",
      "integrity": "sha512-/IXtbwEk5HTPyEwyKX6hGkYXxM9nbj64B+ilVJnC/R6B0pH5G4V3b0pVbL7DBj4tkhBAppbQUlf6F6Xl9LHu1g==",
      "license": "MIT",
      "peer": true,
      "engines": {
        "node": ">= 0.4"
      }
    },
    "node_modules/object-inspect": {
      "version": "1.13.4",
      "resolved": "https://registry.npmmirror.com/object-inspect/-/object-inspect-1.13.4.tgz",
      "integrity": "sha512-W67iLl4J2EXEGTbfeHCffrjDfitvLANg0UlX3wFUUSTx92KXRFegMHUVgSqE+wvhAbi4WqjGg9czysTV2Epbew==",
      "license": "MIT",
      "peer": true,
      "engines": {
        "node": ">= 0.4"
      },
      "funding": {
        "url": "https://github.com/sponsors/ljharb"
      }
    },
    "node_modules/pixi-live2d-display": {
      "resolved": "../node_modules/.pnpm/pixi-live2d-display@0.4.0_76g3zz2nt7dtjnktvdvk76m2oe/node_modules/pixi-live2d-display",
      "link": true
    },
    "node_modules/pixi.js": {
      "resolved": "../node_modules/.pnpm/pixi.js@6.5.10/node_modules/pixi.js",
      "link": true
    },
    "node_modules/punycode": {
      "version": "1.4.1",
      "resolved": "https://registry.npmmirror.com/punycode/-/punycode-1.4.1.tgz",
      "integrity": "sha512-jmYNElW7yvO7TV33CjSmvSiE2yco3bV2czu/OzDKdMNVZQWfxCblURLhf+47syQRBntjfLdd/H0egrzIG+oaFQ==",
      "license": "MIT",
      "peer": true
    },
    "node_modules/qs": {
      "version": "6.16.0",
      "resolved": "https://registry.npmmirror.com/qs/-/qs-6.16.0.tgz",
      "integrity": "sha512-h6fhOIaRrID2CbEY2fqs+7t+UXZo+MLAnU5gRIq85uFtdiUPCdsApMlHhXogKVM4HM2DVbIjGNTTYH2OcmP1vA==",
      "license": "BSD-3-Clause",
      "peer": true,
      "dependencies": {
        "es-define-property": "^1.0.1",
        "side-channel": "^1.1.1"
      },
      "engines": {
        "node": ">=0.6"
      },
      "funding": {
        "url": "https://github.com/sponsors/ljharb"
      }
    },
    "node_modules/react": {
      "resolved": "../node_modules/.pnpm/react@18.3.1/node_modules/react",
      "link": true
    },
    "node_modules/react-dom": {
      "resolved": "../node_modules/.pnpm/react-dom@18.3.1_react@18.3.1/node_modules/react-dom",
      "link": true
    },
    "node_modules/side-channel": {
      "version": "1.1.1",
      "resolved": "https://registry.npmmirror.com/side-channel/-/side-channel-1.1.1.tgz",
      "integrity": "sha512-6x6dK6zJdpTzF4sQeNYxwtvBzf6Eg4GtlesS94HOvTudUeyK2WXAaIfmDgsyslYrRBeFIlsi54AYsFGUuhmvrQ==",
      "license": "MIT",
      "peer": true,
      "dependencies": {
        "es-errors": "^1.3.0",
        "object-inspect": "^1.13.4",
        "side-channel-list": "^1.0.1",
        "side-channel-map": "^1.0.1",
        "side-channel-weakmap": "^1.0.2"
      },
      "engines": {
        "node": ">= 0.4"
      },
      "funding": {
        "url": "https://github.com/sponsors/ljharb"
      }
    },
    "node_modules/side-channel-list": {
      "version": "1.0.1",
      "resolved": "https://registry.npmmirror.com/side-channel-list/-/side-channel-list-1.0.1.tgz",
      "integrity": "sha512-mjn/0bi/oUURjc5Xl7IaWi/OJJJumuoJFQJfDDyO46+hBWsfaVM65TBHq2eoZBhzl9EchxOijpkbRC8SVBQU0w==",
      "license": "MIT",
      "peer": true,
      "dependencies": {
        "es-errors": "^1.3.0",
        "object-inspect": "^1.13.4"
      },
      "engines": {
        "node": ">= 0.4"
      },
      "funding": {
        "url": "https://github.com/sponsors/ljharb"
      }
    },
    "node_modules/side-channel-map": {
      "version": "1.0.1",
      "resolved": "https://registry.npmmirror.com/side-channel-map/-/side-channel-map-1.0.1.tgz",
      "integrity": "sha512-VCjCNfgMsby3tTdo02nbjtM/ewra6jPHmpThenkTYh8pG9ucZ/1P8So4u4FGBek/BjpOVsDCMoLA/iuBKIFXRA==",
      "license": "MIT",
      "peer": true,
      "dependencies": {
        "call-bound": "^1.0.2",
        "es-errors": "^1.3.0",
        "get-intrinsic": "^1.2.5",
        "object-inspect": "^1.13.3"
      },
      "engines": {
        "node": ">= 0.4"
      },
      "funding": {
        "url": "https://github.com/sponsors/ljharb"
      }
    },
    "node_modules/side-channel-weakmap": {
      "version": "1.0.2",
      "resolved": "https://registry.npmmirror.com/side-channel-weakmap/-/side-channel-weakmap-1.0.2.tgz",
      "integrity": "sha512-WPS/HvHQTYnHisLo9McqBHOJk2FkHO/tlpvldyrnem4aeQp4hai3gythswg6p01oSoTl58rcpiFAjF2br2Ak2A==",
      "license": "MIT",
      "peer": true,
      "dependencies": {
        "call-bound": "^1.0.2",
        "es-errors": "^1.3.0",
        "get-intrinsic": "^1.2.5",
        "object-inspect": "^1.13.3",
        "side-channel-map": "^1.0.1"
      },
      "engines": {
        "node": ">= 0.4"
      },
      "funding": {
        "url": "https://github.com/sponsors/ljharb"
      }
    },
    "node_modules/socket.io-client": {
      "resolved": "../node_modules/.pnpm/socket.io-client@4.8.3/node_modules/socket.io-client",
      "link": true
    },
    "node_modules/typescript": {
      "resolved": "../node_modules/.pnpm/typescript@5.9.3/node_modules/typescript",
      "link": true
    },
    "node_modules/url": {
      "version": "0.11.4",
      "resolved": "https://registry.npmmirror.com/url/-/url-0.11.4.tgz",
      "integrity": "sha512-oCwdVC7mTuWiPyjLUz/COz5TLk6wgp0RCsN+wHZ2Ekneac9w8uuV0njcbbie2ME+Vs+d6duwmYuR3HgQXs1fOg==",
      "license": "MIT",
      "peer": true,
      "dependencies": {
        "punycode": "^1.4.1",
        "qs": "^6.12.3"
      },
      "engines": {
        "node": ">= 0.4"
      }
    },
    "node_modules/vite": {
      "resolved": "../node_modules/.pnpm/vite@5.4.21_@types+node@26.4.1/node_modules/vite",
      "link": true
    }
  }
}
